// !$*UTF8*$!
{
	archiveVersion = 1;
	classes = {
	};
	objectVersion = 50;
	objects = {

/* Begin PBXBuildFile section */
		E6577FF526473B42005A142C /* PlaySoundViewController.swift in Sources */ = {isa = PBXBuildFile; fileRef = E6577FF426473B42005A142C /* PlaySoundViewController.swift */; };
		E6577FF7264879BC005A142C /* playsoundsviewcontroller-audio.swift in Sources */ = {isa = PBXBuildFile; fileRef = E6577FF6264879BB005A142C /* playsoundsviewcontroller-audio.swift */; };
		E66809802646AFB100C4E137 /* AppDelegate.swift in Sources */ = {isa = PBXBuildFile; fileRef = E668097F2646AFB100C4E137 /* AppDelegate.swift */; };
		E66809822646AFB100C4E137 /* SceneDelegate.swift in Sources */ = {isa = PBXBuildFile; fileRef = E66809812646AFB100C4E137 /* SceneDelegate.swift */; };
		E66809842646AFB100C4E137 /* RecordSoundViewController.swift in Sources */ = {isa = PBXBuildFile; fileRef = E66809832646AFB100C4E137 /* RecordSoundViewController.swift */; };
		E66809872646AFB100C4E137 /* Main.storyboard in Resources */ = {isa = PBXBuildFile; fileRef = E66809852646AFB100C4E137 /* Main.storyboard */; };
		E66809892646AFB700C4E137 /* Assets.xcassets in Resources */ = {isa = PBXBuildFile; fileRef = E66809882646AFB700C4E137 /* Assets.xcassets */; };
		E668098C2646AFB700C4E137 /* LaunchScreen.storyboard in Resources */ = {isa = PBXBuildFile; fileRef = E668098A2646AFB700C4E137 /* LaunchScreen.storyboard */; };
/* End PBXBuildFile section */

/* Begin PBXFileReference section */
		E6577FF426473B42005A142C /* PlaySoundViewController.swift */ = {isa = PBXFileReference; lastKnownFileType = sourcecode.swift; path = PlaySoundViewController.swift; sourceTree = "<group>"; };
		E6577FF6264879BB005A142C /* playsoundsviewcontroller-audio.swift */ = {isa = PBXFileReference; fileEncoding = 4; lastKnownFileType = sourcecode.swift; path = "playsoundsviewcontroller-audio.swift"; sourceTree = "<group>"; };
		E668097C2646AFB100C4E137 /* ProjetcPitch.app */ = {isa = PBXFileReference; explicitFileType = wrapper.application; includeInIndex = 0; path = ProjetcPitch.app; sourceTree = BUILT_PRODUCTS_DIR; };
		E668097F2646AFB100C4E137 /* AppDelegate.swift */ = {isa = PBXFileReference; lastKnownFileType = sourcecode.swift; path = AppDelegate.swift; sourceTree = "<group>"; };
		E66809812646AFB100C4E137 /* SceneDelegate.swift */ = {isa = PBXFileReference; lastKnownFileType = sourcecode.swift; path = SceneDelegate.swift; sourceTree = "<group>"; };
		E66809832646AFB100C4E137 /* RecordSoundViewController.swift */ = {isa = PBXFileReference; lastKnownFileType = sourcecode.swift; path = RecordSoundViewController.swift; sourceTree = "<group>"; };
		E66809862646AFB100C4E137 /* Base */ = {isa = PBXFileReference; lastKnownFileType = file.storyboard; name = Base; path = Base.lproj/Main.storyboard; sourceTree = "<group>"; };
		E66809882646AFB700C4E137 /* Assets.xcassets */ = {isa = PBXFileReference; lastKnownFileType = folder.assetcatalog; path = Assets.xcassets; sourceTree = "<group>"; };
		E668098B2646AFB700C4E137 /* Base */ = {isa = PBXFileReference; lastKnownFileType = file.storyboard; name = Base; path = Base.lproj/LaunchScreen.storyboard; sourceTree = "<group>"; };
		E668098D2646AFB700C4E137 /* Info.plist */ = {isa = PBXFileReference; lastKnownFileType = text.plist.xml; path = Info.plist; sourceTree = "<group>"; };
/* End PBXFileReference section */

/* Begin PBXFrameworksBuildPhase section */
		E66809792646AFB100C4E137 /* Frameworks */ = {
			isa = PBXFrameworksBuildPhase;
			buildActionMask = 2147483647;
			files = (
			);
			runOnlyForDeploymentPostprocessing = 0;
		};
/* End PBXFrameworksBuildPhase section */

/* Begin PBXGroup section */
		E66809732646AFB100C4E137 = {
			isa = PBXGroup;
			children = (
				E668097E2646AFB100C4E137 /* ProjetcPitch */,
				E668097D2646AFB100C4E137 /* Products */,
			);
			sourceTree = "<group>";
		};
		E668097D2646AFB100C4E137 /* Products */ = {
			isa = PBXGroup;
			children = (
				E668097C2646AFB100C4E137 /* ProjetcPitch.app */,
			);
			name = Products;
			sourceTree = "<group>";
		};
		E668097E2646AFB100C4E137 /* ProjetcPitch */ = {
			isa = PBXGroup;
			children = (
				E668097F2646AFB100C4E137 /* AppDelegate.swift */,
				E66809812646AFB100C4E137 /* SceneDelegate.swift */,
				E66809832646AFB100C4E137 /* RecordSoundViewController.swift */,
				E66809852646AFB100C4E137 /* Main.storyboard */,
				E66809882646AFB700C4E137 /* Assets.xcassets */,
				E668098A2646AFB700C4E137 /* LaunchScreen.storyboard */,
				E668098D2646AFB700C4E137 /* Info.plist */,
				E6577FF426473B42005A142C /* PlaySoundViewController.swift */,
				E6577FF6264879BB005A142C /* playsoundsviewcontroller-audio.swift */,
			);
			path = ProjetcPitch;
			sourceTree = "<group>";
		};
/* End PBXGroup section */

/* Begin PBXNativeTarget section */
		E668097B2646AFB100C4E137 /* ProjetcPitch */ = {
			isa = PBXNativeTarget;
			buildConfigurationList = E66809902646AFB700C4E137 /* Build configuration list for PBXNativeTarget "ProjetcPitch" */;
			buildPhases = (
				E66809782646AFB100C4E137 /* Sources */,
				E66809792646AFB100C4E137 /* Frameworks */,
				E668097A2646AFB100C4E137 /* Resources */,
			);
			buildRules = (
			);
			dependencies = (
			);
			name = ProjetcPitch;
			productName = ProjetcPitch;
			productReference = E668097C2646AFB100C4E137 /* ProjetcPitch.app */;
			productType = "com.apple.product-type.application";
		};
/* End PBXNativeTarget section */

/* Begin PBXProject section */
		E66809742646AFB100C4E137 /* Project object */ = {
			isa = PBXProject;
			attributes = {
				LastSwiftUpdateCheck = 1250;
				LastUpgradeCheck = 1250;
				TargetAttributes = {
					E668097B2646AFB100C4E137 = {
						CreatedOnToolsVersion = 12.5;
					};
				};
			};
			buildConfigurationList = E66809772646AFB100C4E137 /* Build configuration list for PBXProject "ProjetcPitch" */;
			compatibilityVersion = "Xcode 9.3";
			developmentRegion = en;
			hasScannedForEncodings = 0;
			knownRegions = (
				en,
				Base,
			);
			mainGroup = E66809732646AFB100C4E137;
			productRefGroup = E668097D2646AFB100C4E137 /* Products */;
			projectDirPath = "";
			projectRoot = "";
			targets = (
				E668097B2646AFB100C4E137 /* ProjetcPitch */,
			);
		};
/* End PBXProject section */

/* Begin PBXResourcesBuildPhase section */
		E668097A2646AFB100C4E137 /* Resources */ = {
			isa = PBXResourcesBuildPhase;
			buildActionMask = 2147483647;
			files = (
				E668098C2646AFB700C4E137 /* LaunchScreen.storyboard in Resources */,
				E66809892646AFB700C4E137 /* Assets.xcassets in Resources */,
				E66809872646AFB100C4E137 /* Main.storyboard in Resources */,
			);
			runOnlyForDeploymentPostprocessing = 0;
		};
/* End PBXResourcesBuildPhase section */

/* Begin PBXSourcesBuildPhase section */
		E66809782646AFB100C4E137 /* Sources */ = {
			isa = PBXSourcesBuildPhase;
			buildActionMask = 2147483647;
			files = (
				E66809842646AFB100C4E137 /* RecordSoundViewController.swift in Sources */,
				E6577FF7264879BC005A142C /* playsoundsviewcontroller-audio.swift in Sources */,
				E66809802646AFB100C4E137 /* AppDelegate.swift in Sources */,
				E6577FF526473B42005A142C /* PlaySoundViewController.swift in Sources */,
				E66809822646AFB100C4E137 /* SceneDelegate.swift in Sources */,
			);
			runOnlyForDeploymentPostprocessing = 0;
		};
/* End PBXSourcesBuildPhase section */

/* Begin PBXVariantGroup section */
		E66809852646AFB100C4E137 /* Main.storyboard */ = {
			isa = PBXVariantGroup;
			children = (
				E66809862646AFB100C4E137 /* Base */,
			);
			name = Main.storyboard;
			sourceTree = "<group>";
		};
		E668098A2646AFB700C4E137 /* LaunchScreen.storyboard */ = {
			isa = PBXVariantGroup;
			children = (
				E668098B2646AFB700C4E137 /* Base */,
			);
			name = LaunchScreen.storyboard;
			sourceTree = "<group>";
		};
/* End PBXVariantGroup section */

/* Begin XCBuildConfiguration section */
		E668098E2646AFB700C4E137 /* Debug */ = {
			isa = XCBuildConfiguration;
			buildSettings = {
				ALWAYS_SEARCH_USER_PATHS = NO;
				CLANG_ANALYZER_NONNULL = YES;
				CLANG_ANALYZER_NUMBER_OBJECT_CONVERSION = YES_AGGRESSIVE;
				CLANG_CXX_LANGUAGE_STANDARD = "gnu++14";
				CLANG_CXX_LIBRARY = "libc++";
				CLANG_ENABLE_MODULES = YES;
				CLANG_ENABLE_OBJC_ARC = YES;
				CLANG_ENABLE_OBJC_WEAK = YES;
				CLANG_WARN_BLOCK_CAPTURE_AUTORELEASING = YES;
				CLANG_WARN_BOOL_CONVERSION = YES;
				CLANG_WARN_COMMA = YES;
				CLANG_WARN_CONSTANT_CONVERSION = YES;
				CLANG_WARN_DEPRECATED_OBJC_IMPLEMENTATIONS = YES;
				CLANG_WARN_DIRECT_OBJC_ISA_USAGE = YES_ERROR;
				CLANG_WARN_DOCUMENTATION_COMMENTS = YES;
				CLANG_WARN_EMPTY_BODY = YES;
				CLANG_WARN_ENUM_CONVERSION = YES;
				CLANG_WARN_INFINITE_RECURSION = YES;
				CLANG_WARN_INT_CONVERSION = YES;
				CLANG_WARN_NON_LITERAL_NULL_CONVERSION = YES;
				CLANG_WARN_OBJC_IMPLICIT_RETAIN_SELF = YES;
				CLANG_WARN_OBJC_LITERAL_CONVERSION = YES;
				CLANG_WARN_OBJC_ROOT_CLASS = YES_ERROR;
				CLANG_WARN_QUOTED_INCLUDE_IN_FRAMEWORK_HEADER = YES;
				CLANG_WARN_RANGE_LOOP_ANALYSIS = YES;
				CLANG_WARN_STRICT_PROTOTYPES = YES;
				CLANG_WARN_SUSPICIOUS_MOVE = YES;
				CLANG_WARN_UNGUARDED_AVAILABILITY = YES_AGGRESSIVE;
				CLANG_WARN_UNREACHABLE_CODE = YES;
				CLANG_WARN__DUPLICATE_METHOD_MATCH = YES;
				COPY_PHASE_STRIP = NO;
				DEBUG_INFORMATION_FORMAT = dwarf;
				ENABLE_STRICT_OBJC_MSGSEND = YES;
				ENABLE_TESTABILITY = YES;
				GCC_C_LANGUAGE_STANDARD = gnu11;
				GCC_DYNAMIC_NO_PIC = NO;
				GCC_NO_COMMON_BLOCKS = YES;
				GCC_OPTIMIZATION_LEVEL = 0;
				GCC_PREPROCESSOR_DEFINITIONS = (
					"DEBUG=1",
					"$(inherited)",
				);
				GCC_WARN_64_TO_32_BIT_CONVERSION = YES;
				GCC_WARN_ABOUT_RETURN_TYPE = YES_ERROR;
				GCC_WARN_UNDECLARED_SELECTOR = YES;
				GCC_WARN_UNINITIALIZED_AUTOS = YES_AGGRESSIVE;
				GCC_WARN_UNUSED_FUNCTION = YES;
				GCC_WARN_UNUSED_VARIABLE = YES;
				IPHONEOS_DEPLOYMENT_TARGET = 14.5;
				MTL_ENABLE_DEBUG_INFO = INCLUDE_SOURCE;
				MTL_FAST_MATH = YES;
				ONLY_ACTIVE_ARCH = YES;
				SDKROOT = iphoneos;
				SWIFT_ACTIVE_COMPILATION_CONDITIONS = DEBUG;
				SWIFT_OPTIMIZATION_LEVEL = "-Onone";
			};
			name = Debug;
		};
		E668098F2646AFB700C4E137 /* Release */ = {
			isa = XCBuildConfiguration;
			buildSettings = {
				ALWAYS_SEARCH_USER_PATHS = NO;
				CLANG_ANALYZER_NONNULL = YES;
				CLANG_ANALYZER_NUMBER_OBJECT_CONVERSION = YES_AGGRESSIVE;
				CLANG_CXX_LANGUAGE_STANDARD = "gnu++14";
				CLANG_CXX_LIBRARY = "libc++";
				CLANG_ENABLE_MODULES = YES;
				CLANG_ENABLE_OBJC_ARC = YES;
				CLANG_ENABLE_OBJC_WEAK = YES;
				CLANG_WARN_BLOCK_CAPTURE_AUTORELEASING = YES;
				CLANG_WARN_BOOL_CONVERSION = YES;
				CLANG_WARN_COMMA = YES;
				CLANG_WARN_CONSTANT_CONVERSION = YES;
				CLANG_WARN_DEPRECATED_OBJC_IMPLEMENTATIONS = YES;
				CLANG_WARN_DIRECT_OBJC_ISA_USAGE = YES_ERROR;
				CLANG_WARN_DOCUMENTATION_COMMENTS = YES;
				CLANG_WARN_EMPTY_BODY = YES;
				CLANG_WARN_ENUM_CONVERSION = YES;
				CLANG_WARN_INFINITE_RECURSION = YES;
				CLANG_WARN_INT_CONVERSION = YES;
				CLANG_WARN_NON_LITERAL_NULL_CONVERSION = YES;
				CLANG_WARN_OBJC_IMPLICIT_RETAIN_SELF = YES;
				CLANG_WARN_OBJC_LITERAL_CONVERSION = YES;
				CLANG_WARN_OBJC_ROOT_CLASS = YES_ERROR;
				CLANG_WARN_QUOTED_INCLUDE_IN_FRAMEWORK_HEADER = YES;
				CLANG_WARN_RANGE_LOOP_ANALYSIS = YES;
				CLANG_WARN_STRICT_PROTOTYPES = YES;
				CLANG_WARN_SUSPICIOUS_MOVE = YES;
				CLANG_WARN_UNGUARDED_AVAILABILITY = YES_AGGRESSIVE;
				CLANG_WARN_UNREACHABLE_CODE = YES;
				CLANG_WARN__DUPLICATE_METHOD_MATCH = YES;
				COPY_PHASE_STRIP = NO;
				DEBUG_INFORMATION_FORMAT = "dwarf-with-dsym";
				ENABLE_NS_ASSERTIONS = NO;
				ENABLE_STRICT_OBJC_MSGSEND = YES;
				GCC_C_LANGUAGE_STANDARD = gnu11;
				GCC_NO_COMMON_BLOCKS = YES;
				GCC_WARN_64_TO_32_BIT_CONVERSION = YES;
				GCC_WARN_ABOUT_RETURN_TYPE = YES_ERROR;
				GCC_WARN_UNDECLARED_SELECTOR = YES;
				GCC_WARN_UNINITIALIZED_AUTOS = YES_AGGRESSIVE;
				GCC_WARN_UNUSED_FUNCTION = YES;
				GCC_WARN_UNUSED_VARIABLE = YES;
				IPHONEOS_DEPLOYMENT_TARGET = 14.5;
				MTL_ENABLE_DEBUG_INFO = NO;
				MTL_FAST_MATH = YES;
				SDKROOT = iphoneos;
				SWIFT_COMPILATION_MODE = wholemodule;
				SWIFT_OPTIMIZATION_LEVEL = "-O";
				VALIDATE_PRODUCT = YES;
			};
			name = Release;
		};
		E66809912646AFB700C4E137 /* Debug */ = {
			isa = XCBuildConfiguration;
			buildSettings = {
				ASSETCATALOG_COMPILER_APPICON_NAME = AppIcon;
				ASSETCATALOG_COMPILER_GLOBAL_ACCENT_COLOR_NAME = AccentColor;
				CODE_SIGN_STYLE = Automatic;
				INFOPLIST_FILE = ProjetcPitch/Info.plist;
				LD_RUNPATH_SEARCH_PATHS = (
					"$(inherited)",
					"@executable_path/Frameworks",
				);
				PRODUCT_BUNDLE_IDENTIFIER = Udacity.ProjetcPitch;
				PRODUCT_NAME = "$(TARGET_NAME)";
				SWIFT_VERSION = 5.0;
				TARGETED_DEVICE_FAMILY = "1,2";
			};
			name = Debug;
		};
		E66809922646AFB700C4E137 /* Release */ = {
			isa = XCBuildConfiguration;
			buildSettings = {
				ASSETCATALOG_COMPILER_APPICON_NAME = AppIcon;
				ASSETCATALOG_COMPILER_GLOBAL_ACCENT_COLOR_NAME = AccentColor;
				CODE_SIGN_STYLE = Automatic;
				INFOPLIST_FILE = ProjetcPitch/Info.plist;
				LD_RUNPATH_SEARCH_PATHS = (
					"$(inherited)",
					"@executable_path/Frameworks",
				);
				PRODUCT_BUNDLE_IDENTIFIER = Udacity.ProjetcPitch;
				PRODUCT_NAME = "$(TARGET_NAME)";
				SWIFT_VERSION = 5.0;
				TARGETED_DEVICE_FAMILY = "1,2";
			};
			name = Release;
		};
/* End XCBuildConfiguration section */

/* Begin XCConfigurationList section */
		E66809772646AFB100C4E137 /* Build configuration list for PBXProject "ProjetcPitch" */ = {
			isa = XCConfigurationList;
			buildConfigurations = (
				E668098E2646AFB700C4E137 /* Debug */,
				E668098F2646AFB700C4E137 /* Release */,
			);
			defaultConfigurationIsVisible = 0;
			defaultConfigurationName = Release;
		};
		E66809902646AFB700C4E137 /* Build configuration list for PBXNativeTarget "ProjetcPitch" */ = {
			isa = XCConfigurationList;
			buildConfigurations = (
				E66809912646AFB700C4E137 /* Debug */,
				E66809922646AFB700C4E137 /* Release */,
			);
			defaultConfigurationIsVisible = 0;
			defaultConfigurationName = Release;
		};
/* End XCConfigurationList section */
	};
	rootObject = E66809742646AFB100C4E137 /* Project object */;
}
